
Microsoft Visual Studio Solution File, Format Version 12.00
# Visual Studio 15
VisualStudioVersion = 15.0.28010.2036
MinimumVisualStudioVersion = 10.0.40219.1
Project("{FAE04EC0-301F-11D3-BF4B-00C04F79EFBC}") = "DelegatesandEvents", "DelegatesandEvents\DelegatesandEvents.csproj", "{5F01ED3A-951F-4020-AF94-1726D94E3520}"
EndProject
Project("{FAE04EC0-301F-11D3-BF4B-00C04F79EFBC}") = "TestForm", "TestForm\TestForm.csproj", "{056C5420-474C-40C1-9FD8-E8CA05B9F3DD}"
EndProject
Project("{FAE04EC0-301F-11D3-BF4B-00C04F79EFBC}") = "PiggyBank", "PiggyBank\PiggyBank.csproj", "{6AC9A479-29BF-4DE1-ADE8-9CB178A6BA79}"
EndProject
Global
	GlobalSection(SolutionConfigurationPlatforms) = preSolution
		Debug|Any CPU = Debug|Any CPU
		Release|Any CPU = Release|Any CPU
	EndGlobalSection
	GlobalSection(ProjectConfigurationPlatforms) = postSolution
		{5F01ED3A-951F-4020-AF94-1726D94E3520}.Debug|Any CPU.ActiveCfg = Debug|Any CPU
		{5F01ED3A-951F-4020-AF94-1726D94E3520}.Debug|Any CPU.Build.0 = Debug|Any CPU
		{5F01ED3A-951F-4020-AF94-1726D94E3520}.Release|Any CPU.ActiveCfg = Release|Any CPU
		{5F01ED3A-951F-4020-AF94-1726D94E3520}.Release|Any CPU.Build.0 = Release|Any CPU
		{056C5420-474C-40C1-9FD8-E8CA05B9F3DD}.Debug|Any CPU.ActiveCfg = Debug|Any CPU
		{056C5420-474C-40C1-9FD8-E8CA05B9F3DD}.Debug|Any CPU.Build.0 = Debug|Any CPU
		{056C5420-474C-40C1-9FD8-E8CA05B9F3DD}.Release|Any CPU.ActiveCfg = Release|Any CPU
		{056C5420-474C-40C1-9FD8-E8CA05B9F3DD}.Release|Any CPU.Build.0 = Release|Any CPU
		{6AC9A479-29BF-4DE1-ADE8-9CB178A6BA79}.Debug|Any CPU.ActiveCfg = Debug|Any CPU
		{6AC9A479-29BF-4DE1-ADE8-9CB178A6BA79}.Debug|Any CPU.Build.0 = Debug|Any CPU
		{6AC9A479-29BF-4DE1-ADE8-9CB178A6BA79}.Release|Any CPU.ActiveCfg = Release|Any CPU
		{6AC9A479-29BF-4DE1-ADE8-9CB178A6BA79}.Release|Any CPU.Build.0 = Release|Any CPU
	EndGlobalSection
	GlobalSection(SolutionProperties) = preSolution
		HideSolutionNode = FALSE
	EndGlobalSection
	GlobalSection(ExtensibilityGlobals) = postSolution
		SolutionGuid = {BFC1D04A-B597-4B46-9BF6-FC0FB241C7C6}
	EndGlobalSection
EndGlobal
